
Microsoft Visual Studio Solution File, Format Version 12.00
# Visual Studio 15
VisualStudioVersion = 15.0.28307.438
MinimumVisualStudioVersion = 10.0.40219.1
Project("{9A19103F-16F7-4668-BE54-9A1E7A4F7556}") = "EShop", "EShop\EShop.csproj", "{3E4DB6FE-A9A9-4A0E-90B9-6274CC12FFC8}"
EndProject
Project("{9A19103F-16F7-4668-BE54-9A1E7A4F7556}") = "UnitTests", "UnitTests\UnitTests.csproj", "{4EBD5623-0D64-493F-9333-A224EC9BCF61}"
EndProject
Global
	GlobalSection(SolutionConfigurationPlatforms) = preSolution
		Debug|Any CPU = Debug|Any CPU
		Release|Any CPU = Release|Any CPU
	EndGlobalSection
	GlobalSection(ProjectConfigurationPlatforms) = postSolution
		{3E4DB6FE-A9A9-4A0E-90B9-6274CC12FFC8}.Debug|Any CPU.ActiveCfg = Debug|Any CPU
		{3E4DB6FE-A9A9-4A0E-90B9-6274CC12FFC8}.Debug|Any CPU.Build.0 = Debug|Any CPU
		{3E4DB6FE-A9A9-4A0E-90B9-6274CC12FFC8}.Release|Any CPU.ActiveCfg = Release|Any CPU
		{3E4DB6FE-A9A9-4A0E-90B9-6274CC12FFC8}.Release|Any CPU.Build.0 = Release|Any CPU
		{4EBD5623-0D64-493F-9333-A224EC9BCF61}.Debug|Any CPU.ActiveCfg = Debug|Any CPU
		{4EBD5623-0D64-493F-9333-A224EC9BCF61}.Debug|Any CPU.Build.0 = Debug|Any CPU
		{4EBD5623-0D64-493F-9333-A224EC9BCF61}.Release|Any CPU.ActiveCfg = Release|Any CPU
		{4EBD5623-0D64-493F-9333-A224EC9BCF61}.Release|Any CPU.Build.0 = Release|Any CPU
	EndGlobalSection
	GlobalSection(SolutionProperties) = preSolution
		HideSolutionNode = FALSE
	EndGlobalSection
	GlobalSection(ExtensibilityGlobals) = postSolution
		SolutionGuid = {2E52412F-3E95-4B60-B2CC-DBAD6FF7BE0B}
	EndGlobalSection
EndGlobal
